
Microsoft Visual Studio Solution File, Format Version 12.00
# Visual Studio Version 17
VisualStudioVersion = 17.6.33815.320
MinimumVisualStudioVersion = 10.0.40219.1
Project("{FAE04EC0-301F-11D3-BF4B-00C04F79EFBC}") = "ProductInventoryApp", "ProductInventoryApp\ProductInventoryApp.csproj", "{4513E4CF-E312-49F3-AE61-6E5AF6F11B39}"
EndProject
Global
	GlobalSection(SolutionConfigurationPlatforms) = preSolution
		Debug|Any CPU = Debug|Any CPU
		Release|Any CPU = Release|Any CPU
	EndGlobalSection
	GlobalSection(ProjectConfigurationPlatforms) = postSolution
		{4513E4CF-E312-49F3-AE61-6E5AF6F11B39}.Debug|Any CPU.ActiveCfg = Debug|Any CPU
		{4513E4CF-E312-49F3-AE61-6E5AF6F11B39}.Debug|Any CPU.Build.0 = Debug|Any CPU
		{4513E4CF-E312-49F3-AE61-6E5AF6F11B39}.Release|Any CPU.ActiveCfg = Release|Any CPU
		{4513E4CF-E312-49F3-AE61-6E5AF6F11B39}.Release|Any CPU.Build.0 = Release|Any CPU
	EndGlobalSection
	GlobalSection(SolutionProperties) = preSolution
		HideSolutionNode = FALSE
	EndGlobalSection
	GlobalSection(ExtensibilityGlobals) = postSolution
		SolutionGuid = {1BED619C-478C-4548-BF2B-3DE790184B8B}
	EndGlobalSection
EndGlobal
